Microsoft Visual Studio Solution File, Format Version 11.00
# Visual Studio 2008

Project("{018E0FA3-EFDB-99B9-AC9F-A3F5D51E9B02}") = "recherche3d", "Assembly-CSharp-firstpass.csproj", "{D273673A-9F96-8D24-56CC-C3FCA9647B7B}"
EndProject
Project("{018E0FA3-EFDB-99B9-AC9F-A3F5D51E9B02}") = "recherche3d", "Assembly-CSharp.csproj", "{42076858-57C6-AE6C-A63C-A27A8A9A3F55}"
EndProject
Project("{018E0FA3-EFDB-99B9-AC9F-A3F5D51E9B02}") = "recherche3d", "Assembly-CSharp-Editor.csproj", "{4A5A6B2A-60D4-EC53-C533-A8DA030D8124}"
EndProject
Global
	GlobalSection(SolutionConfigurationPlatforms) = preSolution
		Debug|Any CPU = Debug|Any CPU
		Release|Any CPU = Release|Any CPU
	EndGlobalSection
	GlobalSection(ProjectConfigurationPlatforms) = postSolution
		{D273673A-9F96-8D24-56CC-C3FCA9647B7B}.Debug|Any CPU.ActiveCfg = Debug|Any CPU
		{D273673A-9F96-8D24-56CC-C3FCA9647B7B}.Debug|Any CPU.Build.0 = Debug|Any CPU
		{D273673A-9F96-8D24-56CC-C3FCA9647B7B}.Release|Any CPU.ActiveCfg = Release|Any CPU
		{D273673A-9F96-8D24-56CC-C3FCA9647B7B}.Release|Any CPU.Build.0 = Release|Any CPU
		{42076858-57C6-AE6C-A63C-A27A8A9A3F55}.Debug|Any CPU.ActiveCfg = Debug|Any CPU
		{42076858-57C6-AE6C-A63C-A27A8A9A3F55}.Debug|Any CPU.Build.0 = Debug|Any CPU
		{42076858-57C6-AE6C-A63C-A27A8A9A3F55}.Release|Any CPU.ActiveCfg = Release|Any CPU
		{42076858-57C6-AE6C-A63C-A27A8A9A3F55}.Release|Any CPU.Build.0 = Release|Any CPU
		{4A5A6B2A-60D4-EC53-C533-A8DA030D8124}.Debug|Any CPU.ActiveCfg = Debug|Any CPU
		{4A5A6B2A-60D4-EC53-C533-A8DA030D8124}.Debug|Any CPU.Build.0 = Debug|Any CPU
		{4A5A6B2A-60D4-EC53-C533-A8DA030D8124}.Release|Any CPU.ActiveCfg = Release|Any CPU
		{4A5A6B2A-60D4-EC53-C533-A8DA030D8124}.Release|Any CPU.Build.0 = Release|Any CPU
	EndGlobalSection
	GlobalSection(SolutionProperties) = preSolution
		HideSolutionNode = FALSE
	EndGlobalSection
	GlobalSection(MonoDevelopProperties) = preSolution
		StartupItem = Assembly-CSharp.csproj
	EndGlobalSection
EndGlobal
